
Microsoft Visual Studio Solution File, Format Version 12.00
# Visual Studio Version 17
VisualStudioVersion = 17.3.32922.545
MinimumVisualStudioVersion = 10.0.40219.1
Project("{FAE04EC0-301F-11D3-BF4B-00C04F79EFBC}") = "AnimalsMvc", "AnimalsMvc\AnimalsMvc.csproj", "{F3F710B0-73F9-4637-8648-3B5ECC29DA1A}"
EndProject
Global
	GlobalSection(SolutionConfigurationPlatforms) = preSolution
		Debug|Any CPU = Debug|Any CPU
		Release|Any CPU = Release|Any CPU
	EndGlobalSection
	GlobalSection(ProjectConfigurationPlatforms) = postSolution
		{F3F710B0-73F9-4637-8648-3B5ECC29DA1A}.Debug|Any CPU.ActiveCfg = Debug|Any CPU
		{F3F710B0-73F9-4637-8648-3B5ECC29DA1A}.Debug|Any CPU.Build.0 = Debug|Any CPU
		{F3F710B0-73F9-4637-8648-3B5ECC29DA1A}.Release|Any CPU.ActiveCfg = Release|Any CPU
		{F3F710B0-73F9-4637-8648-3B5ECC29DA1A}.Release|Any CPU.Build.0 = Release|Any CPU
	EndGlobalSection
	GlobalSection(SolutionProperties) = preSolution
		HideSolutionNode = FALSE
	EndGlobalSection
	GlobalSection(ExtensibilityGlobals) = postSolution
		SolutionGuid = {56908E32-1141-4523-A138-3FFC9F356979}
	EndGlobalSection
EndGlobal
